# herdr-lazy lock — resolved plugin set at last sync.
# Each `owner/repo@commit` reproduces exactly via `plugin install --ref`.
# Commits come from herdr's own `source.resolved_commit`.

natori-hrj/herdr-lazy@8caad442f3710be6aff6872b03069068a931b38f
andrewchng/herdr-sessionizer@b7b3bbae6cf3428f75b53c723c2008b6383e81f4
senna-lang/herdr-agent-usage@956aa4f3efa5e86f4d5f1665533210bb7eadaa09
wyattjoh/herdr-plugin-gh-pr@6fe22de9a90c569f2186595cfddc3707f55ba1bd
rmarganti/herdr-pluck@d1eacb80956c3a23ab6f7428a9e83961fb86ba28
timmo001/herdr-workflow-watch@d14004fc9edc643dec0f110875e0d67e94e4e6f4
timmo001/herdr-mascot@f51932f2692b8e708676e5f7dd9be20f1d44385a
