# herdr-lazy lock — resolved plugin set at last sync.
# Each `owner/repo@commit` reproduces exactly via `plugin install --ref`.
# Commits come from herdr's own `source.resolved_commit`.

natori-hrj/herdr-lazy@2a58c8cc3a225a14c716da6e71f6848cc8ed8cd0
crokily/herdr-lazygit@a13e12c99e5e469edd73165cabba413c2a2fd698
persiyanov/herdr-reviewr@874e4915aef6155008913957bd6f550c6f63ec7a
nikok6/herdr-mirror@4c34b43c5305909134a437cf8c605f58cab79211
