# herdr-lazy lock — resolved plugin set at last sync.
# Each `owner/repo@commit` reproduces exactly via `plugin install --ref`.
# Commits come from herdr's own `source.resolved_commit`.

natori-hrj/herdr-lazy@8caad442f3710be6aff6872b03069068a931b38f
andrewchng/herdr-sessionizer@b7b3bbae6cf3428f75b53c723c2008b6383e81f4
senna-lang/herdr-agent-usage@956aa4f3efa5e86f4d5f1665533210bb7eadaa09
wyattjoh/herdr-plugin-gh-pr@6fe22de9a90c569f2186595cfddc3707f55ba1bd
rmarganti/herdr-pluck@1a6302384098f21835e2964637d39dddc989bc1d
timmo001/herdr-workflow-watch@9d404d4fb77d006b3e24076e6c0e00af96e658ba
timmo001/herdr-mascot@f423f162d68a3aec7bf5c411624cc67a2d6f15e7
