{
  "lockfileVersion": 2,
  "configVersion": 1,
  "workspaces": {
    "": {
      "name": "dot-cli",
      "dependencies": {
        "@effect/platform-node": "4.0.1",
        "@timmo001/effect-gh": "0.3.0",
        "@timmo001/effect-ha-bridge": "1.1.0",
        "@timmo001/effect-herdr": "0.9.0-timmo001.0",
        "@timmo001/effect-upnext": "2.0.1",
        "effect": "4.0.1",
        "fast-xml-parser": "^5.11.1",
        "fuse.js": "7.5.0",
        "handlebars": "^4.7.9",
        "jsonata": "^2.2.2",
        "jsonc-parser": "^3.3.1",
        "minimatch": "^10.2.6",
        "semver": "^7.8.5",
        "smol-toml": "^1.8.0",
        "yaml": "^2.9.1",
      },
      "devDependencies": {
        "@effect/tsgo": "^0.50.0",
        "@types/bun": "^1.3.13",
        "@types/semver": "^7.8.0",
        "prettier": "^3.5.3",
        "typescript": "^7.0.0",
      },
    },
  },
  "overrides": {
    "@effect/platform-node-shared": "4.0.1",
    "effect": "4.0.1",
  },
  "packages": {
    "@effect/platform-node": ["@effect/platform-node@4.0.1", "", { "dependencies": { "@effect/platform-node-shared": "^4.0.1", "undici": "^8.11.2" }, "peerDependencies": { "effect": "^4.0.1", "redis": ">=5.0.0 <7.0.0" } }, "sha512-FT0Fu5LO0/XP9zBpj0HqrtJNLluK4StNKqf6TSulUsjp8FPBsDVXGJiDuyoN5J2yVMT7tgvhxSwaDcObWVRIaQ=="],

    "@effect/platform-node-shared": ["@effect/platform-node-shared@4.0.1", "", { "dependencies": { "@types/ws": "^8.18.1", "ws": "^8.22.0" }, "peerDependencies": { "effect": "^4.0.1" } }, "sha512-VanaejudEhKJ4mpmqnEzdncVUhN6sGSO9ZDND54mRxAlZxj+4dYAWjDTYAy9o4tJo9aALeP2U8cVcOFzEdSeLg=="],

    "@effect/tsgo": ["@effect/tsgo@0.50.0", "", { "optionalDependencies": { "@effect/tsgo-darwin-arm64": "0.50.0", "@effect/tsgo-darwin-x64": "0.50.0", "@effect/tsgo-linux-arm": "0.50.0", "@effect/tsgo-linux-arm64": "0.50.0", "@effect/tsgo-linux-x64": "0.50.0", "@effect/tsgo-win32-arm64": "0.50.0", "@effect/tsgo-win32-x64": "0.50.0" }, "bin": { "effect-tsgo": "dist/effect-tsgo.cjs" } }, "sha512-BCRwWFBVfQGhFPXmLlNCbYhohTPoIzCL+0iSrDkSpSN2TRtGbbxCB1Mi4oBPr1jRk5VgMB0jOFEvXmPt3SqCDg=="],

    "@effect/tsgo-darwin-arm64": ["@effect/tsgo-darwin-arm64@0.50.0", "", { "os": "darwin", "cpu": "arm64" }, "sha512-CtpXnQbf2BXavXeY3g/LZinyXWEsMftVcbla0zbwe4HiGqueUaacCqI1HTGZ2JUFYo/3M5MsnFFe2VCWW0wj4w=="],

    "@effect/tsgo-darwin-x64": ["@effect/tsgo-darwin-x64@0.50.0", "", { "os": "darwin", "cpu": "x64" }, "sha512-SC3Tk1nDtjUA+UYg3qyyKUz62/mhpPOdhL9HmBBI+Cksg3XXjYw8cenmDT24yJKiwFxO3AbYQ0siXy3QrYaOdQ=="],

    "@effect/tsgo-linux-arm": ["@effect/tsgo-linux-arm@0.50.0", "", { "os": "linux", "cpu": "arm" }, "sha512-qLJdYvGw4mrMrjonhqzSkwByR4X5SlUhG2Pg0LIlKVSy21B0RxLQ2Sg1Re90XpwQCcFCV1byoqW4QLT6A1YDcQ=="],

    "@effect/tsgo-linux-arm64": ["@effect/tsgo-linux-arm64@0.50.0", "", { "os": "linux", "cpu": "arm64" }, "sha512-u6oBSeK9bL7Ta5OJX/v92AErjl+9YQXZuHPuWGsajia6cV2IpyR5UwbOX2ekk4V2QhVpSzmSIYVIEkq9jOL6Pg=="],

    "@effect/tsgo-linux-x64": ["@effect/tsgo-linux-x64@0.50.0", "", { "os": "linux", "cpu": "x64" }, "sha512-x7Xz7IPP/4CKHaWk58tm+LpgMPAwNXGQcLXZAkWUoarjcXzrDG3QCoEjnIpCRSzL7O8ykShApgGcYv0Pd2tJkA=="],

    "@effect/tsgo-win32-arm64": ["@effect/tsgo-win32-arm64@0.50.0", "", { "os": "win32", "cpu": "arm64" }, "sha512-VK3PTybFLmwKI50FMcNeX1LpPv9m55coKv+PKLj7gkb91YZIUooQ7hQJdSUhiuCTaUU3kikHQpnW7UbN9q4zDw=="],

    "@effect/tsgo-win32-x64": ["@effect/tsgo-win32-x64@0.50.0", "", { "os": "win32", "cpu": "x64" }, "sha512-ANbPqHKT/owJ9vIjyOWai+vO0IZAKZd3nN6QlPBBJyHe5BWMjz+MpntNwGxSvvp2PTMb4ZPBLQ2ixh4c9IMOMg=="],

    "@nodable/entities": ["@nodable/entities@3.1.0", "", {}, "sha512-LsS/DjHr+uDM647Gru/cA8+J3a3HfhttwCKLyuoyN7yXTFCxKBtSgMQBvrW9yNPa2/zDRUNuGPaH5QUFoa4arQ=="],

    "@redis/bloom": ["@redis/bloom@6.3.0", "", { "peerDependencies": { "@redis/client": "^6.3.0" } }, "sha512-NQ5poYpZr0jv6zazN1cy6JY5kIipKFZ3R9GTL4kOUTX3a9YAfY29U8bsE4lWhVQEM+G4V0BXVC57mubIdDijeA=="],

    "@redis/client": ["@redis/client@6.3.0", "", { "peerDependencies": { "@node-rs/xxhash": "^1.1.0", "@opentelemetry/api": ">=1 <2" }, "optionalPeers": ["@node-rs/xxhash", "@opentelemetry/api"] }, "sha512-fHrjwGCBvAANGi+TuRuwKi83sIOzgHr8eh+Uf48w3fSX7Hhrz174NrWqfJhAC2vnN0d/tfaZpdr6+o6JC3QHwg=="],

    "@redis/json": ["@redis/json@6.3.0", "", { "peerDependencies": { "@redis/client": "^6.3.0" } }, "sha512-yt6vRfPBXtW/3qm53cF81TSQpLMjWdW4/2E9WQ2GgbvsKkuCKCFQIcMiKlil1ZMnezK+IQuS795xKU5psbaegw=="],

    "@redis/search": ["@redis/search@6.3.0", "", { "peerDependencies": { "@redis/client": "^6.3.0" } }, "sha512-RPXAZmKjZZG7Tm7m1w9keFdXzbL91PiSHQBfQRe9xwW40jNsTRbG0FwhIz4QlHPU4gKDAsCy8IQHj4yZl4H9rw=="],

    "@redis/time-series": ["@redis/time-series@6.3.0", "", { "peerDependencies": { "@redis/client": "^6.3.0" } }, "sha512-+fJOB8mN1z5WRakCJNh5lVdz1KqvHGSOistsKeitD24QsCtPwyRQXWC0iq6T/i/ubLE/YcguZqPm8F598MKk4A=="],

    "@timmo001/effect-gh": ["@timmo001/effect-gh@0.3.0", "", { "peerDependencies": { "effect": "4.0.0-rc.118" } }, "sha512-wGkfnPZqJyN73p4DzW58ejAfHp3FPauyEAAIYb91rRvwVLTYEay9hLjE2ozE4MoSeNfNPQiQd9DGRHcjhMafsg=="],

    "@timmo001/effect-ha": ["@timmo001/effect-ha@1.1.0", "", { "peerDependencies": { "effect": "4.0.0" } }, "sha512-dU3yAkfnvn8VIyQKycib/Tu8BrFXI+Gusg9quLKdCjYp/S/Yavj9RO1A5FBAsEXNHnlbI5UobpYjt7qoFfGokA=="],

    "@timmo001/effect-ha-bridge": ["@timmo001/effect-ha-bridge@1.1.0", "", { "dependencies": { "@effect/platform-node-shared": "4.0.0", "@timmo001/effect-ha": "1.1.0" }, "peerDependencies": { "effect": "4.0.0" } }, "sha512-Heb/UVrPQyDn2w8oqeYoanNzMXssbdtjIuIo21pxd1KZZpXDUqorUvzOaYZzbF+nsCJp3HIq/XgBJEuXFaEzpQ=="],

    "@timmo001/effect-herdr": ["@timmo001/effect-herdr@0.9.0-timmo001.0", "", { "dependencies": { "@effect/platform-node-shared": "4.0.0", "ajv": "8.20.0", "effect": "4.0.0" } }, "sha512-4wVQbQDjvvB4GNHBzXdCl0A9129DCV0nMJ91jiAcRuTL8DlCqW6vn4gD0SZapCThJq5CooCyfKlYje7jpzixag=="],

    "@timmo001/effect-upnext": ["@timmo001/effect-upnext@2.0.1", "", { "dependencies": { "@effect/platform-node-shared": "4.0.1", "@timmo001/effect-upnext-shared": "2.0.1" }, "peerDependencies": { "effect": "4.0.1" } }, "sha512-fGI42F7hNOWUvaSnHKtNbtAmtgSgwppDKSX0/ddE/rB7fd+dSu0VkocjfIPDN4zce+wUua/t+8kaecEf7Jmikg=="],

    "@timmo001/effect-upnext-shared": ["@timmo001/effect-upnext-shared@2.0.1", "", { "peerDependencies": { "effect": "4.0.1" } }, "sha512-H5we4p11AGABpjfOfspIHKXp0WQuEoGBmtA4B2mhU1qWDqF5qXZzWDkiZOeq+H19dcyYaNis/SgPeRyk2NPnew=="],

    "@types/bun": ["@types/bun@1.4.2", "", { "dependencies": { "bun-types": "1.4.2" } }, "sha512-GimotNn7+ZV0uVArItBbriZsR1oNf0+WTzPkdcFrzShI7k2norL0uzEaJT8T33dWr7O/c9ZDuAFQrctKCi72oQ=="],

    "@types/node": ["@types/node@26.6.4", "", { "dependencies": { "undici-types": "~8.9.0" } }, "sha512-ldVPDCzj7fsaGZrLB0NuHuTvJcsNasysBAqMolr/cgxrLd1xbqxIr3XJiPnHHJUCxj5sNF1vnRj9aWnrVh5Jcg=="],

    "@types/semver": ["@types/semver@7.8.0", "", {}, "sha512-1mAINjtQCXXeLkJ9ehXkwOcBpqtLxiVtKhpUf83DdRNdQKV0iXZpaHYqRr7nj+wvxuJzoAmAwXI+sCNMv1CzLQ=="],

    "@types/ws": ["@types/ws@8.18.2", "", { "dependencies": { "@types/node": "*" } }, "sha512-67MQl+fpWKVTT1NYdnmo3U4sc/xPo/zQBncVnI74qmQa0z/b+1g6iYqNmGCPbxO+zz2aklb08a0oHfegiVd0/w=="],

    "@typescript/typescript-aix-ppc64": ["@typescript/typescript-aix-ppc64@7.0.2", "", { "os": "aix", "cpu": "ppc64" }, "sha512-MTKKkWB7p/0E9xi1d1tHtZ5PiLkGEMIq88pK2CubZjOsLtYTLqhgIgi6zepFa+9GHZ6h05NMCkQxGKiPXMxXtQ=="],

    "@typescript/typescript-darwin-arm64": ["@typescript/typescript-darwin-arm64@7.0.2", "", { "os": "darwin", "cpu": "arm64" }, "sha512-gowzar9MwS/aRWp6f3a4KUqzRjAZjOsmGNCM6LcTgXum+dBfgsBVMN+AgvOCCbguXyick6LJhpBszxMebJ8syA=="],

    "@typescript/typescript-darwin-x64": ["@typescript/typescript-darwin-x64@7.0.2", "", { "os": "darwin", "cpu": "x64" }, "sha512-SZ9xZInqApNlNGc9s0W1VSsktYSOe9cFqNOIqmN1Gs8SmkjKZYFt017G4VwPxASInODuAdbTW7sXiFUf893RgA=="],

    "@typescript/typescript-freebsd-arm64": ["@typescript/typescript-freebsd-arm64@7.0.2", "", { "os": "freebsd", "cpu": "arm64" }, "sha512-W5NH4y/J0plIIS5b2xvTEkU7JFxyqdMAOgf+Ilhl0vHQXKO5dZoxd+C/jEtq56c4F3wk71RB4BMRQ2XdI+bwYQ=="],

    "@typescript/typescript-freebsd-x64": ["@typescript/typescript-freebsd-x64@7.0.2", "", { "os": "freebsd", "cpu": "x64" }, "sha512-UMGDx5sTpzNw3WiPebH7l90IWfJggEd+egHt/q6p7/Cm3zqoV7VxkGXt+3DxPIw8CcmvAB0j3sVVfbhX+M4Tpw=="],

    "@typescript/typescript-linux-arm": ["@typescript/typescript-linux-arm@7.0.2", "", { "os": "linux", "cpu": "arm" }, "sha512-gffT3xPz9sR7j/YJExkyPntrI0P2EP9XbOyWzth2/Gs0RstK+90RBcO0ncXoXy/beYll1SXw846Nf2zdnEz0QQ=="],

    "@typescript/typescript-linux-arm64": ["@typescript/typescript-linux-arm64@7.0.2", "", { "os": "linux", "cpu": "arm64" }, "sha512-Qh4eU4/y3yDjnfjjyPYihMj5/ODIlmt+Bzu17OI+fiSRDW57QmU5SiN63exPRNJPKUzcc1INa1NXdrJ+MqHjUQ=="],

    "@typescript/typescript-linux-loong64": ["@typescript/typescript-linux-loong64@7.0.2", "", { "os": "linux", "cpu": "none" }, "sha512-uEHck9i8hoAzXPiYRib1O7miOnz23SxIeVl6F4LXox+qov1K35jHcEW6VHKvZI+pyvl7fZEP4MCU5LYvIq1GuQ=="],

    "@typescript/typescript-linux-mips64el": ["@typescript/typescript-linux-mips64el@7.0.2", "", { "os": "linux", "cpu": "none" }, "sha512-R4KvAMnE43W5Qeqb0Ly56O3mWMWIAgsMyz36DCaycd5nbg/9kzm0liw3JocfRqyJY0KPmzFjbswozXyW0DnIYA=="],

    "@typescript/typescript-linux-ppc64": ["@typescript/typescript-linux-ppc64@7.0.2", "", { "os": "linux", "cpu": "ppc64" }, "sha512-DORx5b3sd/4S7eayxm4FQv+A7CrkUIGRaHiwI8oiHTAI1fAPWhF4J0vAlkC8biAlHSVVwxMQ3tjZ2/DVbnQiiA=="],

    "@typescript/typescript-linux-riscv64": ["@typescript/typescript-linux-riscv64@7.0.2", "", { "os": "linux", "cpu": "none" }, "sha512-wf0jqEDOjrPRnKwYRyyJDRo11KMbvMFrU+q4zqKyChODBzvlkbhNQfKvLxQCcwTpdDaXSHZTVuh0JoCrKCUMHQ=="],

    "@typescript/typescript-linux-s390x": ["@typescript/typescript-linux-s390x@7.0.2", "", { "os": "linux", "cpu": "s390x" }, "sha512-IkwJc3L7yhytWd/ewjyxNDfOmswCm9GWMJT/ue/dU4aZNbwZeYAetq42VyLmsmSjvoX7z74X6ZaYCtzAr0EuGw=="],

    "@typescript/typescript-linux-x64": ["@typescript/typescript-linux-x64@7.0.2", "", { "os": "linux", "cpu": "x64" }, "sha512-EYdf2cNg7rgCWJnxCdJ+F3V39O8ihb37eHAu1LK8oAFizgTQbPOK7zHHXbPt8rX24COqODXeI3sIf0fCXG7H/A=="],

    "@typescript/typescript-netbsd-arm64": ["@typescript/typescript-netbsd-arm64@7.0.2", "", { "os": "none", "cpu": "arm64" }, "sha512-+polYF4MF04aPpO5FTkHran9yUQDSXqy5GiSDKpsll5jy3l3+g9QLhpf39T+ePtefhXLOGrLl0QIjkQP6VnelA=="],

    "@typescript/typescript-netbsd-x64": ["@typescript/typescript-netbsd-x64@7.0.2", "", { "os": "none", "cpu": "x64" }, "sha512-8YIT0EHM/3dq10ZOVF/A7pc/YSMtbcecct4rWtexrnSCHOPcpC2KTLXfTCR6vDpnSiY12heNb1GiN/wu+T/FyA=="],

    "@typescript/typescript-openbsd-arm64": ["@typescript/typescript-openbsd-arm64@7.0.2", "", { "os": "openbsd", "cpu": "arm64" }, "sha512-APT8+ClYnuYm1u9+kgGXoMj2VzWzcymwh2gNSQVySHfkRDGOTVkoWLjCmOQSaO+PoqQ57B0flRp9SA+7GnnkzQ=="],

    "@typescript/typescript-openbsd-x64": ["@typescript/typescript-openbsd-x64@7.0.2", "", { "os": "openbsd", "cpu": "x64" }, "sha512-yX7s+Q0Dln0Dt9tEzZsAjXXR/+ytBM7AlglaqyeMPxQszJ1JhlJdZ6jLA+IzldHtflX81em7lDao1xXu+aRRkg=="],

    "@typescript/typescript-sunos-x64": ["@typescript/typescript-sunos-x64@7.0.2", "", { "os": "sunos", "cpu": "x64" }, "sha512-dLJDGaLZ1D4HPQn62u1n8mBDkJREwMsAkCdkwd4Ieqw+x3TUyTsqY0YiBCtE6H6OzzgGk3iuZ3vFWRS+E8/d1g=="],

    "@typescript/typescript-win32-arm64": ["@typescript/typescript-win32-arm64@7.0.2", "", { "os": "win32", "cpu": "arm64" }, "sha512-Gyl1Vy6OsWesLzmq+EP0Fb7b4Nid5232AvcA2SFcdYreldpNtYFFofPjnt62y9hQy7VTaZp65ICJjuAQRaVcIQ=="],

    "@typescript/typescript-win32-x64": ["@typescript/typescript-win32-x64@7.0.2", "", { "os": "win32", "cpu": "x64" }, "sha512-0BQ3HkAHHlKLSp1qRvf3SUhGpGsDuhB/jgFw75guyqbxJqEaS0Cw/VFO8i2nHglJUzQCRtMMR/IBAKE3ETMC4g=="],

    "ajv": ["ajv@8.20.0", "", { "dependencies": { "fast-deep-equal": "^3.1.3", "fast-uri": "^3.0.1", "json-schema-traverse": "^1.0.0", "require-from-string": "^2.0.2" } }, "sha512-Thbli+OlOj+iMPYFBVBfJ3OmCAnaSyNn4M1vz9T6Gka5Jt9ba/HIR56joy65tY6kx/FCF5VXNB819Y7/GUrBGA=="],

    "anynum": ["anynum@1.0.1", "", {}, "sha512-N6//FLET/tXYNM/F6ABca1oH6fWB+KlTt909Le28WMDBk8oaT4vY17DCrwg2MvmuqUKt3Ni4N5dGJ/EoBgcO6A=="],

    "balanced-match": ["balanced-match@4.0.4", "", {}, "sha512-BLrgEcRTwX2o6gGxGOCNyMvGSp35YofuYzw9h1IMTRmKqttAZZVU67bdb9Pr2vUHA8+j3i2tJfjO6C6+4myGTA=="],

    "brace-expansion": ["brace-expansion@5.0.12", "", { "dependencies": { "balanced-match": "^4.0.2" } }, "sha512-YovQ3rzhaLMIrDjNDMkNS01tea93qhEhG5xy8f6+R0l+dw3Ki+5sCoIoI942iuLZTHWogWktgwVDhU09iNEimQ=="],

    "bun-types": ["bun-types@1.4.2", "", { "dependencies": { "@types/node": "*" } }, "sha512-bxV1FgK7yBIzjRe5zBozIM4Bem11ZJcCXSrjWRG3YWLt8yFDePu4cLjpebO8OvPeIE9trbyPF4fuj3Cia4Fj3w=="],

    "effect": ["effect@4.0.1", "", {}, "sha512-b1VlQG9g8fwxE5QnIZuPoOP/0MsqHJSRKxUijjoM80E5q95FXrX5yWtY5XI8G+GJsBQAVSDbLS458z9a++uVvw=="],

    "fast-deep-equal": ["fast-deep-equal@3.1.3", "", {}, "sha512-f3qQ9oQy9j2AhBe/H9VC91wLmKBCCU/gDOnKNAYG5hswO7BLKj09Hc5HYNz9cGI++xlpDCIgDaitVs03ATR84Q=="],

    "fast-uri": ["fast-uri@3.1.8", "", {}, "sha512-GZMtZUTNRpOVIECoXwLNZS5xUGE+mVNbTB8h/7Rwh2TFWcBQiPzTgyZi05BF9UMZKkLJv8XBRJTlU7zg8+ZfMg=="],

    "fast-xml-builder": ["fast-xml-builder@1.3.1", "", { "dependencies": { "path-expression-matcher": "^1.6.2", "xml-naming": "^0.3.0" } }, "sha512-pIM/1n3ntFXKYrUZwW7QCK0gAW7XY+wzj1YMIV3tLDvPj/V+zTGJK5e3/4WJfwj0qWw2ElNXiTixda/R+3YSug=="],

    "fast-xml-parser": ["fast-xml-parser@5.11.2", "", { "dependencies": { "@nodable/entities": "^3.0.1", "fast-xml-builder": "^1.2.0", "is-unsafe": "^2.0.0", "path-expression-matcher": "^1.6.2", "strnum": "^2.4.2", "xml-naming": "^0.3.0" }, "bin": { "fxparser": "src/cli/cli.js" } }, "sha512-R9iDuNrQYeQut46cn2r2wHKn4HYzVDvDm5J1wW+koZewykv0yuO2HChTYeZtrULyHIDM9cj9TUXloCsueCQUog=="],

    "fuse.js": ["fuse.js@7.5.0", "", {}, "sha512-sQtrEfA+ez/3G0cCZecF70oqpCRttCexYUG4mUrtWL49ULUzUyxokt5kyqwtKzj1270RaKih+hcP3qLcumccow=="],

    "handlebars": ["handlebars@4.7.10", "", { "dependencies": { "minimist": "^1.2.8", "neo-async": "^2.6.2", "source-map": "^0.6.1", "wordwrap": "^1.0.0" }, "optionalDependencies": { "uglify-js": "^3.1.4" }, "bin": { "handlebars": "bin/handlebars" } }, "sha512-P5VJMVM7qgBn6vjXMw8WG9uVI+ncf2pi72j4de4yz5ZULLj2RGqLYaKOYGsgyrViQ0tePOVlN1tDCCXXtFqXKg=="],

    "is-unsafe": ["is-unsafe@2.0.2", "", {}, "sha512-HgbIHPBH0KHHCcjLfGsCvhtPTVxjaAZlXjwdz7/GQC40SjSe4sfQsar8J5VFo8JOSbarkpV0OLG95bbaNd9aAQ=="],

    "json-schema-traverse": ["json-schema-traverse@1.0.0", "", {}, "sha512-NM8/P9n3XjXhIZn1lLhkFaACTOURQXjWhV4BA/RnOv8xvgqtqpAX9IO4mRQxSx1Rlo4tqzeqb0sOlruaOy3dug=="],

    "jsonata": ["jsonata@2.2.2", "", {}, "sha512-XDFH2PuaAXv0AXJEWwElXbqADmKFGKMLMkFb+qOz0EhjQW2EIJ6pgtordLU+4u3IVERyBfqy6bi6kZKEncvRqA=="],

    "jsonc-parser": ["jsonc-parser@3.3.1", "", {}, "sha512-HUgH65KyejrUFPvHFPbqOY0rsFip3Bo5wb4ngvdi1EpCYWUQDC5V+Y7mZws+DLkr4M//zQJoanu1SP+87Dv1oQ=="],

    "minimatch": ["minimatch@10.2.6", "", { "dependencies": { "brace-expansion": "^5.0.8" } }, "sha512-vpLQEs+VLCr1nU0BXS07maYoFwlDAH0gngQuuttxIwutDFEMHq2blX+8vpgxDdK3J1PwjCJiep77OitTZ4Ll1A=="],

    "minimist": ["minimist@1.2.8", "", {}, "sha512-2yyAR8qBkN3YuheJanUpWC5U3bb5osDywNB8RzDVlDwDHbocAJveqqj1u8+SVD7jkWT4yvsHCpWqqWqAxb0zCA=="],

    "neo-async": ["neo-async@2.6.2", "", {}, "sha512-Yd3UES5mWCSqR+qNT93S3UoYUkqAZ9lLg8a7g9rimsWmYGK8cVToA4/sF3RrshdyV3sAGMXVUmpMYOw+dLpOuw=="],

    "path-expression-matcher": ["path-expression-matcher@1.6.2", "", {}, "sha512-enSlaiat05iasnzmgNxRj8reFdj3puY2QpNgP1aPIaVfT6nn9ICuPoFlKHk8EN22HcwewshO+mN2DGbkCEOtqQ=="],

    "prettier": ["prettier@3.9.9", "", { "bin": { "prettier": "bin/prettier.cjs" } }, "sha512-Z/CJHIkdujO/OtN7nXUii0Rf3VT5SRuhjBA82Xvu2XhBUgX3nhP67T0LHceBdQLex7OOFGTox+Q5Yg8Jk2Qivg=="],

    "redis": ["redis@6.3.0", "", { "dependencies": { "@redis/bloom": "6.3.0", "@redis/client": "6.3.0", "@redis/json": "6.3.0", "@redis/search": "6.3.0", "@redis/time-series": "6.3.0" } }, "sha512-XFQbPie1lGpKeUZ8ySYY43yLnQy/iIQtHNvIr/1XdaABpb96rUSdm3Mfl+98FEVbv9ZJIzINMno5s0Nh8E5LEw=="],

    "require-from-string": ["require-from-string@2.0.2", "", {}, "sha512-Xf0nWe6RseziFMu+Ap9biiUbmplq6S9/p+7w7YXP/JBHhrUDDUhwa+vANyubuqfZWTveU//DYVGsDG7RKL/vEw=="],

    "semver": ["semver@7.8.5", "", { "bin": { "semver": "bin/semver.js" } }, "sha512-Y7/KDsb8LjooZpwaqGyulO6DQlksgCncchHGk+sZIY4SBvUocMBEFH5Ur1fI4dV+Jvl0w6cjvucaIi40puRioA=="],

    "smol-toml": ["smol-toml@1.9.0", "", {}, "sha512-hpd+HLON7HdZXqYchMM/+LaTTbdK0AU3NngIJ4KVyWbY9bfQqdL9cD+4yf6dUoU2Ap4VsU0JkQi6FxAI1B2mXQ=="],

    "source-map": ["source-map@0.6.1", "", {}, "sha512-UjgapumWlbMhkBgzT7Ykc5YXUT46F0iKu8SGXq0bcwP5dz/h0Plj6enJqjz1Zbq2l5WaqYnrVbwWOWMyF3F47g=="],

    "strnum": ["strnum@2.4.2", "", { "dependencies": { "anynum": "^1.0.1" } }, "sha512-rDG3Ah4TV0k1hWvLSzkZtMmLN9+eS+h3knq4MP6A42Y3Yh5qGNnOUs1jJkoSr8FG5dsL28c7KgkIBzSEykqtuw=="],

    "typescript": ["typescript@7.0.2", "", { "optionalDependencies": { "@typescript/typescript-aix-ppc64": "7.0.2", "@typescript/typescript-darwin-arm64": "7.0.2", "@typescript/typescript-darwin-x64": "7.0.2", "@typescript/typescript-freebsd-arm64": "7.0.2", "@typescript/typescript-freebsd-x64": "7.0.2", "@typescript/typescript-linux-arm": "7.0.2", "@typescript/typescript-linux-arm64": "7.0.2", "@typescript/typescript-linux-loong64": "7.0.2", "@typescript/typescript-linux-mips64el": "7.0.2", "@typescript/typescript-linux-ppc64": "7.0.2", "@typescript/typescript-linux-riscv64": "7.0.2", "@typescript/typescript-linux-s390x": "7.0.2", "@typescript/typescript-linux-x64": "7.0.2", "@typescript/typescript-netbsd-arm64": "7.0.2", "@typescript/typescript-netbsd-x64": "7.0.2", "@typescript/typescript-openbsd-arm64": "7.0.2", "@typescript/typescript-openbsd-x64": "7.0.2", "@typescript/typescript-sunos-x64": "7.0.2", "@typescript/typescript-win32-arm64": "7.0.2", "@typescript/typescript-win32-x64": "7.0.2" }, "bin": { "tsc": "bin/tsc" } }, "sha512-8FYau96o3NKOhbjKi/qNvG/W5jhzxkbdm5sj9AbZ/5T5sWqn3hJgLfGx27sRKZWTvyzCP8dLRBTf5tBTSRVUNA=="],

    "uglify-js": ["uglify-js@3.19.3", "", { "bin": { "uglifyjs": "bin/uglifyjs" } }, "sha512-v3Xu+yuwBXisp6QYTcH4UbH+xYJXqnq2m/LtQVWKWzYc1iehYnLixoQDN9FH6/j9/oybfd6W9Ghwkl8+UMKTKQ=="],

    "undici": ["undici@8.11.2", "", {}, "sha512-u4UB2/IrKdU6lFxumHmmo1a3fCQO5tzQllRorfoRS63txhrB7xTpSn1PftwC4qEHkOaqP95fCWW4lJzwErwzhQ=="],

    "undici-types": ["undici-types@8.9.0", "", {}, "sha512-KTDyRTYX8sWmKXAikPHHSyc63CRPETMctyjKFupcC6OBLXT3xsN0e9aF7m+mIXutFWpUXuedtowG7iLOzp0kQg=="],

    "wordwrap": ["wordwrap@1.0.0", "", {}, "sha512-gvVzJFlPycKc5dZN4yPkP8w7Dc37BtP1yczEneOb4uq34pXZcvrtRTmWV8W+Ume+XCxKgbjM+nevkyFPMybd4Q=="],

    "ws": ["ws@8.22.0", "", { "peerDependencies": { "bufferutil": "^4.0.1", "utf-8-validate": ">=5.0.2" }, "optionalPeers": ["bufferutil", "utf-8-validate"] }, "sha512-Ydggc987+RO0AnWtZ/7Wq9FtNvcrL1b/RO0ud9mWjUPgDrsAAwQSF51sm2hm1XofbU/4jkpGEsLFsZZxU+1DOg=="],

    "xml-naming": ["xml-naming@0.3.0", "", {}, "sha512-ghig2TBE/H11aOVgmahA3MhimvkBr6JIYknH/Dhdk10nXwdbIqBJsbfMxpvFPG8bAw77gN29aQWvKpmVoPlvPQ=="],

    "yaml": ["yaml@2.9.1", "", { "bin": { "yaml": "bin.mjs" } }, "sha512-3NxN8+78OdzbT7C/WjGsyfPAtJaN3FNDsWxv7Y7mcDsT/oOmgW8BpyQQFFBnvZE3j9Y2Sdz1ULFLezL7Eb2yFw=="],
  }
}
