lockfileVersion: '9.0'

settings:
  autoInstallPeers: true
  excludeLinksFromLockfile: false

importers:

  .:
    dependencies:
      '@opencode-ai/sdk':
        specifier: ^1.14.48
        version: 1.15.13
      '@opentui/core':
        specifier: ^0.3.0
        version: 0.3.0(typescript@5.9.3)(web-tree-sitter@0.25.10)
      date-fns:
        specifier: ^4.4.0
        version: 4.4.0
      effect:
        specifier: ^4.0.0-beta.66
        version: 4.0.0-beta.74
      fuse.js:
        specifier: ^7.3.0
        version: 7.4.0
    devDependencies:
      '@types/bun':
        specifier: ^1.3.13
        version: 1.3.14
      prettier:
        specifier: ^3.5.3
        version: 3.8.3

packages:

  '@msgpackr-extract/msgpackr-extract-darwin-arm64@3.0.4':
    resolution: {integrity: sha512-LCkGo6JDfaBhgST7UpPWgNgLINpcpabaHfyz5OBx75nUYxBsaEPxjnyNjWpeb/xBup/682QnBfRBy2/LvPutZQ==}
    cpu: [arm64]
    os: [darwin]

  '@msgpackr-extract/msgpackr-extract-darwin-x64@3.0.4':
    resolution: {integrity: sha512-zExlW9zUJKZH/tOtVMttwjKa4Xm/3KcNjnE3dPN92uCktwavMxpgCA3MoJK/DOnTWsQgo224OaST27/mPNAf+w==}
    cpu: [x64]
    os: [darwin]

  '@msgpackr-extract/msgpackr-extract-linux-arm64@3.0.4':
    resolution: {integrity: sha512-dgX0P/9wGPJeHFBG+ZmhgE6bmtMt7NP5CRBGyyktpopdk/mW4POnrpQsSLtKI1dwpc+pPLuXHDh6vvskyQE/sw==}
    cpu: [arm64]
    os: [linux]

  '@msgpackr-extract/msgpackr-extract-linux-arm@3.0.4':
    resolution: {integrity: sha512-Tg3yX65f5GbtXLkrYEHE5oibZG9epyYWas7FogTTEJeDEF9JlXJzKgXaNhT3UXlTOeA+AfZpYZYZ0uPj7Cfquw==}
    cpu: [arm]
    os: [linux]

  '@msgpackr-extract/msgpackr-extract-linux-x64@3.0.4':
    resolution: {integrity: sha512-8TNXMEjJc3QEy7R/x1INhgiU+XakDAFUzBhaz7+Rbrs8NH5UQeHQxxmzsSBJGyV6I1jW79undiQm8tOI+D+8FQ==}
    cpu: [x64]
    os: [linux]

  '@msgpackr-extract/msgpackr-extract-win32-x64@3.0.4':
    resolution: {integrity: sha512-CmCXPQrkbwExx3j946/PtHWHbYJiCRBRDl4BlkRQcJB/YOwQxJRTpoo7aTsortjgoJ1x7opzTSxn7C+ASSLVjQ==}
    cpu: [x64]
    os: [win32]

  '@opencode-ai/sdk@1.15.13':
    resolution: {integrity: sha512-4TwojIoQ8EG6/mVBuUVYZXiFcwNmiiytEnjnvyuvSJjGwFIlw2YIBFxtSVC3FbwwbwHT63teh1RHiQUUC4U5xw==}

  '@opentui/core-darwin-arm64@0.3.0':
    resolution: {integrity: sha512-/eDfAcutAHJqR9spwHMLuo6LMqngymev/m+i6uqlk98gX1EJiJe2pJ16sKbp3RctgH/Gz/8TYOhVHpPGYJl7yQ==}
    cpu: [arm64]
    os: [darwin]

  '@opentui/core-darwin-x64@0.3.0':
    resolution: {integrity: sha512-/j6EWAvdwhz1wU/mWfXepAf3+NuMYz2Ic5ozaid5LdwIpPomIkM9yCUDm76mQhRBbjsAl/7UeSeUA0qSCMSZBg==}
    cpu: [x64]
    os: [darwin]

  '@opentui/core-linux-arm64@0.3.0':
    resolution: {integrity: sha512-uUFVT3V35KkM1m8gaLmRcTV9dsJzXnxwM+dv6+NjScx0W/Y0CJKbW9wDYwnLyPnBNgaFUi171zmJra5gTtFTsw==}
    cpu: [arm64]
    os: [linux]

  '@opentui/core-linux-x64@0.3.0':
    resolution: {integrity: sha512-73bNNNU2OaqZQLIlvzDOdAzQmzBAqf+cSilmJ+Y9JnybrBn1d6VShC66+V4xxIgonq1swk7BD+SUHYbwwGilQA==}
    cpu: [x64]
    os: [linux]

  '@opentui/core-win32-arm64@0.3.0':
    resolution: {integrity: sha512-jg5KrV/4mVQ0mdkcL9CtQVtBk0NAtQ+2rCKoZ/jNHB6GxGK0ot9vDV6P3X68hZVkvpb2pdXfg6GRsZJ+Np4hZA==}
    cpu: [arm64]
    os: [win32]

  '@opentui/core-win32-x64@0.3.0':
    resolution: {integrity: sha512-kiM3C5bwQBTfrJKAOfb+L3U6MMkPSQlMhAERlLMjqSurc+llcyqygr/wbXSvfAqJtKlIpf3MKJRnVFTyfRIdng==}
    cpu: [x64]
    os: [win32]

  '@opentui/core@0.3.0':
    resolution: {integrity: sha512-wvNESYGYGRLuvarZ3QY4CTB+BziZ/j6Snd9qRKD4fQ7SF6G4UpYElLTFrg7uzRo1v7WJTqbquymcTvWEHMnpYA==}
    peerDependencies:
      web-tree-sitter: 0.25.10

  '@standard-schema/spec@1.1.0':
    resolution: {integrity: sha512-l2aFy5jALhniG5HgqrD6jXLi/rUWrKvqN/qJx6yoJsgKhblVd+iqqU4RCXavm/jPityDo5TCvKMnpjKnOriy0w==}

  '@types/bun@1.3.14':
    resolution: {integrity: sha512-h1hFqFVcvAvD9j9K7ZW7vd82aSA+rTdznZa+5bwvCwqSB1jmmfLcbIWhOLx1/+boy/xmjgCs/OMUL8hRJSmnPw==}

  '@types/node@25.9.1':
    resolution: {integrity: sha512-xfrlY7UD5rMJk3ZVJP8BNzS28J36YJg+xp+LPXV1TdWxr8uMH5A860QNxYDGQe/ylDSgjxE52Q9VnO7p75tJxg==}

  ansi-regex@6.2.2:
    resolution: {integrity: sha512-Bq3SmSpyFHaWjPk8If9yc6svM8c56dB5BAtW4Qbw5jHTwwXXcTLoRMkpDJp6VL0XzlWaCHTXrkFURMYmD0sLqg==}
    engines: {node: '>=12'}

  bun-ffi-structs@0.2.2:
    resolution: {integrity: sha512-N/ZWtyN0piZlrXQT7TO0V+q952orYqkfhXRXM1Hcbb+R3QSiBH4vLnib187Mrs1H7pWIYECAmPeapGYDOMCl+w==}
    peerDependencies:
      typescript: ^5

  bun-types@1.3.14:
    resolution: {integrity: sha512-4N0ig0fEomHt5R0KCFWjovxow98rIoRwKolrYdCcknNwMekCXRnWEUvgu5soYV8QXtVsrUD8B95MBOZGPvr6KQ==}

  cross-spawn@7.0.6:
    resolution: {integrity: sha512-uV2QOWP2nWzsy2aMp8aRibhi9dlzF5Hgh5SHaB9OiTGEyDTiJJyx0uy51QXdyWbtAHNua4XJzUKca3OzKUd3vA==}
    engines: {node: '>= 8'}

  date-fns@4.4.0:
    resolution: {integrity: sha512-+1UMbeh68lH1SegH83CGWwpb6OHHbpSgr3+s5Eww5M4CAgswBpoWS0AjTOfEJ33HiYKz1hdj/KTFprzXHmq/6w==}

  detect-libc@2.1.2:
    resolution: {integrity: sha512-Btj2BOOO83o3WyH59e8MgXsxEQVcarkUOpEYrubB0urwnN10yQ364rsiByU11nZlqWYZm05i/of7io4mzihBtQ==}
    engines: {node: '>=8'}

  diff@9.0.0:
    resolution: {integrity: sha512-svtcdpS8CgJyqAjEQIXdb3OjhFVVYjzGAPO8WGCmRbrml64SPw/jJD4GoE98aR7r25A0XcgrK3F02yw9R/vhQw==}
    engines: {node: '>=0.3.1'}

  effect@4.0.0-beta.74:
    resolution: {integrity: sha512-Yx+Kh12U+i2FmjwEfKs+ePFmpMd43RPD1oGqc/VraSS9bYzvF0Ff3PojwEFEVEewp8xc92Uxu28gTspU4qyvHA==}

  emoji-regex@10.6.0:
    resolution: {integrity: sha512-toUI84YS5YmxW219erniWD0CIVOo46xGKColeNQRgOzDorgBi1v4D71/OFzgD9GO2UGKIv1C3Sp8DAn0+j5w7A==}

  fast-check@4.8.0:
    resolution: {integrity: sha512-GOJ158CUMnN6cSahsv4+ExARvIDuzzinFjkp0E9WtiBa5zcVeLozVkWaE4IzFcc+Y48Wp1EDlUZsXRyAztQcSg==}
    engines: {node: '>=12.17.0'}

  find-my-way-ts@0.1.6:
    resolution: {integrity: sha512-a85L9ZoXtNAey3Y6Z+eBWW658kO/MwR7zIafkIUPUMf3isZG0NCs2pjW2wtjxAKuJPxMAsHUIP4ZPGv0o5gyTA==}

  fuse.js@7.4.0:
    resolution: {integrity: sha512-3UqmoSFwzX1sNB1YSk+Co0EdH29XCW2p9g48OAiy93cjKqzuABsqw2VIgSN3CmsT/wo6pIJ3F0Jxeiiby8rhIQ==}
    engines: {node: '>=10'}

  get-east-asian-width@1.6.0:
    resolution: {integrity: sha512-QRbvDIbx6YklUe6RxeTeleMR0yv3cYH6PsPZHcnVn7xv7zO1BHN8r0XETu8n6Ye3Q+ahtSarc3WgtNWmehIBfA==}
    engines: {node: '>=18'}

  ini@7.0.0:
    resolution: {integrity: sha512-ifK0CgjALofS5bkrcTy4RaQ9Vx2Knf/eLeIO+NaswQEpH1UblrtTSCIvN71qQDMq0PeQ/SSPojvEJp9vvvfr+w==}
    engines: {node: ^22.22.2 || ^24.15.0 || >=26.0.0}

  isexe@2.0.0:
    resolution: {integrity: sha512-RHxMLp9lnKHGHRng9QFhRCMbYAcVpn69smSGcq3f36xjgVVWThj4qqLbTLlq7Ssj8B+fIQ1EuCEGI2lKsyQeIw==}

  kubernetes-types@1.30.0:
    resolution: {integrity: sha512-Dew1okvhM/SQcIa2rcgujNndZwU8VnSapDgdxlYoB84ZlpAD43U6KLAFqYo17ykSFGHNPrg0qry0bP+GJd9v7Q==}

  marked@17.0.1:
    resolution: {integrity: sha512-boeBdiS0ghpWcSwoNm/jJBwdpFaMnZWRzjA6SkUMYb40SVaN1x7mmfGKp0jvexGcx+7y2La5zRZsYFZI6Qpypg==}
    engines: {node: '>= 20'}
    hasBin: true

  msgpackr-extract@3.0.4:
    resolution: {integrity: sha512-4kmO/MdyUIkLIvTPr8VHLil4AtoKIoniWPIEk5+CDy0xnWC84azhSFmuJ7PxZdsYtiP5kEeQsORAVIeMgxT+Hw==}
    hasBin: true

  msgpackr@2.0.2:
    resolution: {integrity: sha512-c5hYOXFbP79Slh6Dzd2wzk+jnV7mX1UxfMYtilnY1NmalXPqG8DGb5cYCMBrW4AsH3zekBBZd4QrKz9NhtvYLQ==}

  multipasta@0.2.7:
    resolution: {integrity: sha512-KPA58d68KgGil15oDqXjkUBEBYc00XvbPj5/X+dyzeo/lWm9Nc25pQRlf1D+gv4OpK7NM0J1odrbu9JNNGvynA==}

  node-gyp-build-optional-packages@5.2.2:
    resolution: {integrity: sha512-s+w+rBWnpTMwSFbaE0UXsRlg7hU4FjekKU4eyAih5T8nJuNZT1nNsskXpxmeqSK9UzkBl6UgRlnKc8hz8IEqOw==}
    hasBin: true

  path-key@3.1.1:
    resolution: {integrity: sha512-ojmeN0qd+y0jszEtoY48r0Peq5dwMEkIlCOu6Q5f41lfkswXuKtYrhgoTpLnyIcHm24Uhqx+5Tqm2InSwLhE6Q==}
    engines: {node: '>=8'}

  prettier@3.8.3:
    resolution: {integrity: sha512-7igPTM53cGHMW8xWuVTydi2KO233VFiTNyF5hLJqpilHfmn8C8gPf+PS7dUT64YcXFbiMGZxS9pCSxL/Dxm/Jw==}
    engines: {node: '>=14'}
    hasBin: true

  pure-rand@8.4.0:
    resolution: {integrity: sha512-IoM8YF/jY0hiugFo/wOWqfmarlE6J0wc6fDK1PhftMk7MGhVZl88sZimmqBBFomLOCSmcCCpsfj7wXASCpvK9A==}

  shebang-command@2.0.0:
    resolution: {integrity: sha512-kHxr2zZpYtdmrN1qDjrrX/Z1rR1kG8Dx+gkpK1G4eXmvXswmcE1hTWBWYUzlraYw1/yZp6YuDY77YtvbN0dmDA==}
    engines: {node: '>=8'}

  shebang-regex@3.0.0:
    resolution: {integrity: sha512-7++dFhtcx3353uBaq8DDR4NuxBetBzC7ZQOhmTQInHEd6bSrXdiEyzCvG07Z44UYdLShWUyXt5M/yhz8ekcb1A==}
    engines: {node: '>=8'}

  string-width@7.2.0:
    resolution: {integrity: sha512-tsaTIkKW9b4N+AEj+SVA+WhJzV7/zMhcSu78mLKWSk7cXMOSHsBKFWUs0fWwq8QyK3MgJBQRX6Gbi4kYbdvGkQ==}
    engines: {node: '>=18'}

  strip-ansi@7.1.2:
    resolution: {integrity: sha512-gmBGslpoQJtgnMAvOVqGZpEz9dyoKTCzy2nfz/n8aIFhN/jCE/rCmcxabB6jOOHV+0WNnylOxaxBQPSvcWklhA==}
    engines: {node: '>=12'}

  toml@4.1.1:
    resolution: {integrity: sha512-EBJnVBr3dTXdA89WVFoAIPUqkBjxPMwRqsfuo1r240tKFHXv3zgca4+NJib/h6TyvGF7vOawz0jGuryJCdNHrw==}
    engines: {node: '>=20'}

  typescript@5.9.3:
    resolution: {integrity: sha512-jl1vZzPDinLr9eUt3J/t7V6FgNEw9QjvBPdysz9KfQDD41fQrC2Y4vKQdiaUpFT4bXlb1RHhLpp8wtm6M5TgSw==}
    engines: {node: '>=14.17'}
    hasBin: true

  undici-types@7.24.6:
    resolution: {integrity: sha512-WRNW+sJgj5OBN4/0JpHFqtqzhpbnV0GuB+OozA9gCL7a993SmU+1JBZCzLNxYsbMfIeDL+lTsphD5jN5N+n0zg==}

  uuid@14.0.0:
    resolution: {integrity: sha512-Qo+uWgilfSmAhXCMav1uYFynlQO7fMFiMVZsQqZRMIXp0O7rR7qjkj+cPvBHLgBqi960QCoo/PH2/6ZtVqKvrg==}
    hasBin: true

  web-tree-sitter@0.25.10:
    resolution: {integrity: sha512-Y09sF44/13XvgVKgO2cNDw5rGk6s26MgoZPXLESvMXeefBf7i6/73eFurre0IsTW6E14Y0ArIzhUMmjoc7xyzA==}
    peerDependencies:
      '@types/emscripten': ^1.40.0
    peerDependenciesMeta:
      '@types/emscripten':
        optional: true

  which@2.0.2:
    resolution: {integrity: sha512-BLI3Tl1TW3Pvl70l3yq3Y64i+awpwXqsGBYWkkqMtnbXgrMD+yj7rhW0kuEDxzJaYXGjEW5ogapKNMEKNMjibA==}
    engines: {node: '>= 8'}
    hasBin: true

  yaml@2.9.0:
    resolution: {integrity: sha512-2AvhNX3mb8zd6Zy7INTtSpl1F15HW6Wnqj0srWlkKLcpYl/gMIMJiyuGq2KeI2YFxUPjdlB+3Lc10seMLtL4cA==}
    engines: {node: '>= 14.6'}
    hasBin: true

  yoga-layout@3.2.1:
    resolution: {integrity: sha512-0LPOt3AxKqMdFBZA3HBAt/t/8vIKq7VaQYbuA8WxCgung+p9TVyKRYdpvCb80HcdTN2NkbIKbhNwKUfm3tQywQ==}

snapshots:

  '@msgpackr-extract/msgpackr-extract-darwin-arm64@3.0.4':
    optional: true

  '@msgpackr-extract/msgpackr-extract-darwin-x64@3.0.4':
    optional: true

  '@msgpackr-extract/msgpackr-extract-linux-arm64@3.0.4':
    optional: true

  '@msgpackr-extract/msgpackr-extract-linux-arm@3.0.4':
    optional: true

  '@msgpackr-extract/msgpackr-extract-linux-x64@3.0.4':
    optional: true

  '@msgpackr-extract/msgpackr-extract-win32-x64@3.0.4':
    optional: true

  '@opencode-ai/sdk@1.15.13':
    dependencies:
      cross-spawn: 7.0.6

  '@opentui/core-darwin-arm64@0.3.0':
    optional: true

  '@opentui/core-darwin-x64@0.3.0':
    optional: true

  '@opentui/core-linux-arm64@0.3.0':
    optional: true

  '@opentui/core-linux-x64@0.3.0':
    optional: true

  '@opentui/core-win32-arm64@0.3.0':
    optional: true

  '@opentui/core-win32-x64@0.3.0':
    optional: true

  '@opentui/core@0.3.0(typescript@5.9.3)(web-tree-sitter@0.25.10)':
    dependencies:
      bun-ffi-structs: 0.2.2(typescript@5.9.3)
      diff: 9.0.0
      marked: 17.0.1
      string-width: 7.2.0
      strip-ansi: 7.1.2
      web-tree-sitter: 0.25.10
      yoga-layout: 3.2.1
    optionalDependencies:
      '@opentui/core-darwin-arm64': 0.3.0
      '@opentui/core-darwin-x64': 0.3.0
      '@opentui/core-linux-arm64': 0.3.0
      '@opentui/core-linux-x64': 0.3.0
      '@opentui/core-win32-arm64': 0.3.0
      '@opentui/core-win32-x64': 0.3.0
    transitivePeerDependencies:
      - typescript

  '@standard-schema/spec@1.1.0': {}

  '@types/bun@1.3.14':
    dependencies:
      bun-types: 1.3.14

  '@types/node@25.9.1':
    dependencies:
      undici-types: 7.24.6

  ansi-regex@6.2.2: {}

  bun-ffi-structs@0.2.2(typescript@5.9.3):
    dependencies:
      typescript: 5.9.3

  bun-types@1.3.14:
    dependencies:
      '@types/node': 25.9.1

  cross-spawn@7.0.6:
    dependencies:
      path-key: 3.1.1
      shebang-command: 2.0.0
      which: 2.0.2

  date-fns@4.4.0: {}

  detect-libc@2.1.2:
    optional: true

  diff@9.0.0: {}

  effect@4.0.0-beta.74:
    dependencies:
      '@standard-schema/spec': 1.1.0
      fast-check: 4.8.0
      find-my-way-ts: 0.1.6
      ini: 7.0.0
      kubernetes-types: 1.30.0
      msgpackr: 2.0.2
      multipasta: 0.2.7
      toml: 4.1.1
      uuid: 14.0.0
      yaml: 2.9.0

  emoji-regex@10.6.0: {}

  fast-check@4.8.0:
    dependencies:
      pure-rand: 8.4.0

  find-my-way-ts@0.1.6: {}

  fuse.js@7.4.0: {}

  get-east-asian-width@1.6.0: {}

  ini@7.0.0: {}

  isexe@2.0.0: {}

  kubernetes-types@1.30.0: {}

  marked@17.0.1: {}

  msgpackr-extract@3.0.4:
    dependencies:
      node-gyp-build-optional-packages: 5.2.2
    optionalDependencies:
      '@msgpackr-extract/msgpackr-extract-darwin-arm64': 3.0.4
      '@msgpackr-extract/msgpackr-extract-darwin-x64': 3.0.4
      '@msgpackr-extract/msgpackr-extract-linux-arm': 3.0.4
      '@msgpackr-extract/msgpackr-extract-linux-arm64': 3.0.4
      '@msgpackr-extract/msgpackr-extract-linux-x64': 3.0.4
      '@msgpackr-extract/msgpackr-extract-win32-x64': 3.0.4
    optional: true

  msgpackr@2.0.2:
    optionalDependencies:
      msgpackr-extract: 3.0.4

  multipasta@0.2.7: {}

  node-gyp-build-optional-packages@5.2.2:
    dependencies:
      detect-libc: 2.1.2
    optional: true

  path-key@3.1.1: {}

  prettier@3.8.3: {}

  pure-rand@8.4.0: {}

  shebang-command@2.0.0:
    dependencies:
      shebang-regex: 3.0.0

  shebang-regex@3.0.0: {}

  string-width@7.2.0:
    dependencies:
      emoji-regex: 10.6.0
      get-east-asian-width: 1.6.0
      strip-ansi: 7.1.2

  strip-ansi@7.1.2:
    dependencies:
      ansi-regex: 6.2.2

  toml@4.1.1: {}

  typescript@5.9.3: {}

  undici-types@7.24.6: {}

  uuid@14.0.0: {}

  web-tree-sitter@0.25.10: {}

  which@2.0.2:
    dependencies:
      isexe: 2.0.0

  yaml@2.9.0: {}

  yoga-layout@3.2.1: {}
